
Microsoft Visual Studio Solution File, Format Version 12.00
# Visual Studio Version 16
VisualStudioVersion = 16.0.29709.97
MinimumVisualStudioVersion = 10.0.40219.1
Project("{FAE04EC0-301F-11D3-BF4B-00C04F79EFBC}") = "PointOfSales", "PointOfSales\PointOfSales.csproj", "{BDF07739-63D9-42F7-BFFA-6008E6C8B5DE}"
EndProject
Project("{FAE04EC0-301F-11D3-BF4B-00C04F79EFBC}") = "PointOfSales.Models", "PointOfSales.Models\PointOfSales.Models.csproj", "{F91FB0FE-ADDF-4476-A74E-A4DA15D2A49E}"
EndProject
Project("{2150E333-8FDC-42A3-9474-1A3956D46DE8}") = "Tests", "Tests", "{60838F26-F954-4795-96BE-B018F3038423}"
EndProject
Project("{FAE04EC0-301F-11D3-BF4B-00C04F79EFBC}") = "PointOfSales.Tests", "PointOfSales.Tests\PointOfSales.Tests.csproj", "{A7DC5E8F-0EA7-4EB7-9947-3164B23710A9}"
EndProject
Global
	GlobalSection(SolutionConfigurationPlatforms) = preSolution
		Debug|Any CPU = Debug|Any CPU
		Release|Any CPU = Release|Any CPU
	EndGlobalSection
	GlobalSection(ProjectConfigurationPlatforms) = postSolution
		{BDF07739-63D9-42F7-BFFA-6008E6C8B5DE}.Debug|Any CPU.ActiveCfg = Debug|Any CPU
		{BDF07739-63D9-42F7-BFFA-6008E6C8B5DE}.Debug|Any CPU.Build.0 = Debug|Any CPU
		{BDF07739-63D9-42F7-BFFA-6008E6C8B5DE}.Release|Any CPU.ActiveCfg = Release|Any CPU
		{BDF07739-63D9-42F7-BFFA-6008E6C8B5DE}.Release|Any CPU.Build.0 = Release|Any CPU
		{F91FB0FE-ADDF-4476-A74E-A4DA15D2A49E}.Debug|Any CPU.ActiveCfg = Debug|Any CPU
		{F91FB0FE-ADDF-4476-A74E-A4DA15D2A49E}.Debug|Any CPU.Build.0 = Debug|Any CPU
		{F91FB0FE-ADDF-4476-A74E-A4DA15D2A49E}.Release|Any CPU.ActiveCfg = Release|Any CPU
		{F91FB0FE-ADDF-4476-A74E-A4DA15D2A49E}.Release|Any CPU.Build.0 = Release|Any CPU
		{A7DC5E8F-0EA7-4EB7-9947-3164B23710A9}.Debug|Any CPU.ActiveCfg = Debug|Any CPU
		{A7DC5E8F-0EA7-4EB7-9947-3164B23710A9}.Debug|Any CPU.Build.0 = Debug|Any CPU
		{A7DC5E8F-0EA7-4EB7-9947-3164B23710A9}.Release|Any CPU.ActiveCfg = Release|Any CPU
		{A7DC5E8F-0EA7-4EB7-9947-3164B23710A9}.Release|Any CPU.Build.0 = Release|Any CPU
	EndGlobalSection
	GlobalSection(SolutionProperties) = preSolution
		HideSolutionNode = FALSE
	EndGlobalSection
	GlobalSection(NestedProjects) = preSolution
		{A7DC5E8F-0EA7-4EB7-9947-3164B23710A9} = {60838F26-F954-4795-96BE-B018F3038423}
	EndGlobalSection
	GlobalSection(ExtensibilityGlobals) = postSolution
		SolutionGuid = {3A09C4F0-8A40-4AFE-83B9-6B2161B6F111}
	EndGlobalSection
EndGlobal
